
Microsoft Visual Studio Solution File, Format Version 12.00
# Visual Studio Version 16
VisualStudioVersion = 16.0.29102.190
MinimumVisualStudioVersion = 10.0.40219.1
Project("{FAE04EC0-301F-11D3-BF4B-00C04F79EFBC}") = "COMP123-2019-Assignment05", "COMP123-2019-Assignment05\COMP123-2019-Assignment05.csproj", "{3DAF3467-5842-4C5E-BEAA-BDF841FDC7D2}"
EndProject
Global
	GlobalSection(SolutionConfigurationPlatforms) = preSolution
		Debug|Any CPU = Debug|Any CPU
		Release|Any CPU = Release|Any CPU
	EndGlobalSection
	GlobalSection(ProjectConfigurationPlatforms) = postSolution
		{3DAF3467-5842-4C5E-BEAA-BDF841FDC7D2}.Debug|Any CPU.ActiveCfg = Debug|Any CPU
		{3DAF3467-5842-4C5E-BEAA-BDF841FDC7D2}.Debug|Any CPU.Build.0 = Debug|Any CPU
		{3DAF3467-5842-4C5E-BEAA-BDF841FDC7D2}.Release|Any CPU.ActiveCfg = Release|Any CPU
		{3DAF3467-5842-4C5E-BEAA-BDF841FDC7D2}.Release|Any CPU.Build.0 = Release|Any CPU
	EndGlobalSection
	GlobalSection(SolutionProperties) = preSolution
		HideSolutionNode = FALSE
	EndGlobalSection
	GlobalSection(ExtensibilityGlobals) = postSolution
		SolutionGuid = {FCDAF673-0223-4F74-ABED-F79F207A2AF3}
	EndGlobalSection
EndGlobal
